
Microsoft Visual Studio Solution File, Format Version 12.00
# Visual Studio 15
VisualStudioVersion = 15.0.27004.2008
MinimumVisualStudioVersion = 10.0.40219.1
Project("{FAE04EC0-301F-11D3-BF4B-00C04F79EFBC}") = "Round Triangle", "Round Triangle\Round Triangle.csproj", "{037D0E27-50F1-46EC-846D-5D2C7F078758}"
EndProject
Project("{8BC9CEB8-8B4A-11D0-8D11-00A0C91BC942}") = "TestForm", "TestForm\TestForm.vcxproj", "{ED2D24CC-D33E-4D67-98B2-15380C4B769A}"
EndProject
Global
	GlobalSection(SolutionConfigurationPlatforms) = preSolution
		Debug|Any CPU = Debug|Any CPU
		Debug|x64 = Debug|x64
		Debug|x86 = Debug|x86
		Release|Any CPU = Release|Any CPU
		Release|x64 = Release|x64
		Release|x86 = Release|x86
	EndGlobalSection
	GlobalSection(ProjectConfigurationPlatforms) = postSolution
		{037D0E27-50F1-46EC-846D-5D2C7F078758}.Debug|Any CPU.ActiveCfg = Debug|Any CPU
		{037D0E27-50F1-46EC-846D-5D2C7F078758}.Debug|Any CPU.Build.0 = Debug|Any CPU
		{037D0E27-50F1-46EC-846D-5D2C7F078758}.Debug|x64.ActiveCfg = Debug|Any CPU
		{037D0E27-50F1-46EC-846D-5D2C7F078758}.Debug|x64.Build.0 = Debug|Any CPU
		{037D0E27-50F1-46EC-846D-5D2C7F078758}.Debug|x86.ActiveCfg = Debug|Any CPU
		{037D0E27-50F1-46EC-846D-5D2C7F078758}.Debug|x86.Build.0 = Debug|Any CPU
		{037D0E27-50F1-46EC-846D-5D2C7F078758}.Release|Any CPU.ActiveCfg = Release|Any CPU
		{037D0E27-50F1-46EC-846D-5D2C7F078758}.Release|Any CPU.Build.0 = Release|Any CPU
		{037D0E27-50F1-46EC-846D-5D2C7F078758}.Release|x64.ActiveCfg = Release|Any CPU
		{037D0E27-50F1-46EC-846D-5D2C7F078758}.Release|x64.Build.0 = Release|Any CPU
		{037D0E27-50F1-46EC-846D-5D2C7F078758}.Release|x86.ActiveCfg = Release|Any CPU
		{037D0E27-50F1-46EC-846D-5D2C7F078758}.Release|x86.Build.0 = Release|Any CPU
		{ED2D24CC-D33E-4D67-98B2-15380C4B769A}.Debug|Any CPU.ActiveCfg = Debug|Win32
		{ED2D24CC-D33E-4D67-98B2-15380C4B769A}.Debug|x64.ActiveCfg = Debug|x64
		{ED2D24CC-D33E-4D67-98B2-15380C4B769A}.Debug|x64.Build.0 = Debug|x64
		{ED2D24CC-D33E-4D67-98B2-15380C4B769A}.Debug|x86.ActiveCfg = Debug|Win32
		{ED2D24CC-D33E-4D67-98B2-15380C4B769A}.Debug|x86.Build.0 = Debug|Win32
		{ED2D24CC-D33E-4D67-98B2-15380C4B769A}.Release|Any CPU.ActiveCfg = Release|Win32
		{ED2D24CC-D33E-4D67-98B2-15380C4B769A}.Release|x64.ActiveCfg = Release|x64
		{ED2D24CC-D33E-4D67-98B2-15380C4B769A}.Release|x64.Build.0 = Release|x64
		{ED2D24CC-D33E-4D67-98B2-15380C4B769A}.Release|x86.ActiveCfg = Release|Win32
		{ED2D24CC-D33E-4D67-98B2-15380C4B769A}.Release|x86.Build.0 = Release|Win32
	EndGlobalSection
	GlobalSection(SolutionProperties) = preSolution
		HideSolutionNode = FALSE
	EndGlobalSection
	GlobalSection(ExtensibilityGlobals) = postSolution
		SolutionGuid = {0F10DD25-2F2A-498B-A5DF-FE02753DBED0}
	EndGlobalSection
EndGlobal
